
Microsoft Visual Studio Solution File, Format Version 12.00
# Visual Studio Version 16
VisualStudioVersion = 16.0.29905.134
MinimumVisualStudioVersion = 10.0.40219.1
Project("{FAE04EC0-301F-11D3-BF4B-00C04F79EFBC}") = "EditorDeTexto", "EditorDeTexto\EditorDeTexto.csproj", "{8BE7D48E-5E42-4BD4-BB62-84218D4A5128}"
EndProject
Global
	GlobalSection(SolutionConfigurationPlatforms) = preSolution
		Debug|Any CPU = Debug|Any CPU
		Release|Any CPU = Release|Any CPU
	EndGlobalSection
	GlobalSection(ProjectConfigurationPlatforms) = postSolution
		{8BE7D48E-5E42-4BD4-BB62-84218D4A5128}.Debug|Any CPU.ActiveCfg = Debug|Any CPU
		{8BE7D48E-5E42-4BD4-BB62-84218D4A5128}.Debug|Any CPU.Build.0 = Debug|Any CPU
		{8BE7D48E-5E42-4BD4-BB62-84218D4A5128}.Release|Any CPU.ActiveCfg = Release|Any CPU
		{8BE7D48E-5E42-4BD4-BB62-84218D4A5128}.Release|Any CPU.Build.0 = Release|Any CPU
	EndGlobalSection
	GlobalSection(SolutionProperties) = preSolution
		HideSolutionNode = FALSE
	EndGlobalSection
	GlobalSection(ExtensibilityGlobals) = postSolution
		SolutionGuid = {2F631DDC-F765-43C7-8A47-D8091CF297C8}
	EndGlobalSection
EndGlobal
